<?xml version="1.0" encoding="utf-8"?>
<Project ToolsVersion="4.0" xmlns="http://schemas.microsoft.com/developer/msbuild/2003">
  <ItemGroup>
    <Filter Include="Source Files">
      <UniqueIdentifier>{4FC737F1-C7A5-4376-A066-2A32D752A2FF}</UniqueIdentifier>
      <Extensions>cpp;c;cc;cxx;def;odl;idl;hpj;bat;asm;asmx</Extensions>
    </Filter>
    <Filter Include="Resource Files">
      <UniqueIdentifier>{67DA6AB6-F800-4c08-8B7A-83BB121AAD01}</UniqueIdentifier>
      <Extensions>rc;ico;cur;bmp;dlg;rc2;rct;bin;rgs;gif;jpg;jpeg;jpe;resx;tiff;tif;png;wav;mfcribbon-ms</Extensions>
    </Filter>
    <Filter Include="Shaders">
      <UniqueIdentifier>{8b6c92a8-f65d-451e-80e3-d65773602b92}</UniqueIdentifier>
    </Filter>
  </ItemGroup>
  <ItemGroup>
    <FxCompile Include="FramebufferPS.hlsl">
      <Filter>Shaders</Filter>
    </FxCompile>
    <FxCompile Include="FramebufferVS.hlsl">
      <Filter>Shaders</Filter>
    </FxCompile>
  </ItemGroup>
  <ItemGroup>
    <ResourceCompile Include="Resource.rc">
      <Filter>Resource Files</Filter>
    </ResourceCompile>
  </ItemGroup>
  <ItemGroup>
    <Image Include="Chili.ico">
      <Filter>Resource Files</Filter>
    </Image>
  </ItemGroup>
  <ItemGroup>
    <ClInclude Include="Source\Game.h" />
    <ClInclude Include="Resource.h" />
    <ClInclude Include="Source\Tracer\Math\Mat44.h" />
    <ClInclude Include="Source\Tracer\Math\MathUtilities.h" />
    <ClInclude Include="Source\Tracer\Math\Vec2.h" />
    <ClInclude Include="Source\Tracer\Math\Vec3.h" />
    <ClInclude Include="Source\Chili\ChiliException.h" />
    <ClInclude Include="Source\Chili\ChiliWin.h" />
    <ClInclude Include="Source\Chili\Colors.h" />
    <ClInclude Include="Source\Chili\DXErr.h" />
    <ClInclude Include="Source\Chili\Graphics.h" />
    <ClInclude Include="Source\Chili\Keyboard.h" />
    <ClInclude Include="Source\Chili\MainWindow.h" />
    <ClInclude Include="Source\Chili\Mouse.h" />
    <ClInclude Include="Source\Tracer\Typedefs.h" />
    <ClInclude Include="Source\Tracer\SceneTraversal\Scene.h" />
    <ClInclude Include="Source\Tracer\SceneTraversal\Triangle.h" />
    <ClInclude Include="Source\Tracer\SceneTraversal\Ray.h" />
    <ClInclude Include="Source\Tracer\Shading\Light.h" />
    <ClInclude Include="Source\Tracer\Utilities\ParallelForLoop.h" />
    <ClInclude Include="Source\Tracer\Utilities\Timer.h" />
    <ClInclude Include="Source\Tracer\Shading\FColor.h" />
    <ClInclude Include="Source\Tracer\SceneTraversal\Intersection.h" />
    <ClInclude Include="Source\Tracer\SceneTraversal\Mesh.h" />
    <ClInclude Include="Source\Tracer\UtahTeapot.h" />
    <ClInclude Include="Source\Tracer\Math\Transform.h" />
    <ClInclude Include="Source\Tracer\SceneTraversal\AABB.h" />
  </ItemGroup>
  <ItemGroup>
    <ClCompile Include="Source\Game.cpp">
      <Filter>Source Files</Filter>
    </ClCompile>
    <ClCompile Include="Source\Main.cpp">
      <Filter>Source Files</Filter>
    </ClCompile>
    <ClCompile Include="Source\Chili\DXErr.cpp">
      <Filter>Source Files</Filter>
    </ClCompile>
    <ClCompile Include="Source\Chili\Graphics.cpp">
      <Filter>Source Files</Filter>
    </ClCompile>
    <ClCompile Include="Source\Chili\Keyboard.cpp">
      <Filter>Source Files</Filter>
    </ClCompile>
    <ClCompile Include="Source\Chili\MainWindow.cpp">
      <Filter>Source Files</Filter>
    </ClCompile>
    <ClCompile Include="Source\Chili\Mouse.cpp">
      <Filter>Source Files</Filter>
    </ClCompile>
    <ClCompile Include="Source\Tracer\SceneTraversal\Scene.cpp">
      <Filter>Source Files</Filter>
    </ClCompile>
    <ClCompile Include="Source\Tracer\SceneTraversal\Triangle.cpp">
      <Filter>Source Files</Filter>
    </ClCompile>
    <ClCompile Include="Source\Tracer\Utilities\ParallelForLoop.cpp">
      <Filter>Source Files</Filter>
    </ClCompile>
    <ClCompile Include="Source\Tracer\Utilities\Timer.cpp">
      <Filter>Source Files</Filter>
    </ClCompile>
    <ClCompile Include="Source\Tracer\Shading\Light.cpp">
      <Filter>Source Files</Filter>
    </ClCompile>
    <ClCompile Include="Source\Tracer\SceneTraversal\Mesh.cpp">
      <Filter>Source Files</Filter>
    </ClCompile>
    <ClCompile Include="Source\Tracer\Math\Transform.cpp">
      <Filter>Source Files</Filter>
    </ClCompile>
    <ClCompile Include="Source\Tracer\SceneTraversal\AABB.cpp">
      <Filter>Source Files</Filter>
    </ClCompile>
  </ItemGroup>
</Project>